// !$*UTF8*$!
{
	archiveVersion = 1;
	classes = {
	};
	objectVersion = 77;
	objects = {

/* Begin PBXContainerItemProxy section */
		D295AA352F71E0AF00B1B4B7 /* PBXContainerItemProxy */ = {
			isa = PBXContainerItemProxy;
			containerPortal = D295AA1F2F71E0AE00B1B4B7 /* Project object */;
			proxyType = 1;
			remoteGlobalIDString = D295AA262F71E0AE00B1B4B7;
			remoteInfo = RefreshDisplay;
		};
		D295AA3F2F71E0AF00B1B4B7 /* PBXContainerItemProxy */ = {
			isa = PBXContainerItemProxy;
			containerPortal = D295AA1F2F71E0AE00B1B4B7 /* Project object */;
			proxyType = 1;
			remoteGlobalIDString = D295AA262F71E0AE00B1B4B7;
			remoteInfo = RefreshDisplay;
		};
/* End PBXContainerItemProxy section */

/* Begin PBXFileReference section */
		D295AA272F71E0AE00B1B4B7 /* RefreshDisplay.app */ = {isa = PBXFileReference; explicitFileType = wrapper.application; includeInIndex = 0; path = RefreshDisplay.app; sourceTree = BUILT_PRODUCTS_DIR; };
		D295AA342F71E0AF00B1B4B7 /* RefreshDisplayTests.xctest */ = {isa = PBXFileReference; explicitFileType = wrapper.cfbundle; includeInIndex = 0; path = RefreshDisplayTests.xctest; sourceTree = BUILT_PRODUCTS_DIR; };
		D295AA3E2F71E0AF00B1B4B7 /* RefreshDisplayUITests.xctest */ = {isa = PBXFileReference; explicitFileType = wrapper.cfbundle; includeInIndex = 0; path = RefreshDisplayUITests.xctest; sourceTree = BUILT_PRODUCTS_DIR; };
/* End PBXFileReference section */

/* Begin PBXFileSystemSynchronizedRootGroup section */
		D295AA292F71E0AE00B1B4B7 /* RefreshDisplay */ = {
			isa = PBXFileSystemSynchronizedRootGroup;
			path = RefreshDisplay;
			sourceTree = "<group>";
		};
		D295AA372F71E0AF00B1B4B7 /* RefreshDisplayTests */ = {
			isa = PBXFileSystemSynchronizedRootGroup;
			path = RefreshDisplayTests;
			sourceTree = "<group>";
		};
		D295AA412F71E0AF00B1B4B7 /* RefreshDisplayUITests */ = {
			isa = PBXFileSystemSynchronizedRootGroup;
			path = RefreshDisplayUITests;
			sourceTree = "<group>";
		};
/* End PBXFileSystemSynchronizedRootGroup section */

/* Begin PBXFrameworksBuildPhase section */
		D295AA242F71E0AE00B1B4B7 /* Frameworks */ = {
			isa = PBXFrameworksBuildPhase;
			buildActionMask = 2147483647;
			files = (
			);
			runOnlyForDeploymentPostprocessing = 0;
		};
		D295AA312F71E0AF00B1B4B7 /* Frameworks */ = {
			isa = PBXFrameworksBuildPhase;
			buildActionMask = 2147483647;
			files = (
			);
			runOnlyForDeploymentPostprocessing = 0;
		};
		D295AA3B2F71E0AF00B1B4B7 /* Frameworks */ = {
			isa = PBXFrameworksBuildPhase;
			buildActionMask = 2147483647;
			files = (
			);
			runOnlyForDeploymentPostprocessing = 0;
		};
/* End PBXFrameworksBuildPhase section */

/* Begin PBXGroup section */
		D295AA1E2F71E0AE00B1B4B7 = {
			isa = PBXGroup;
			children = (
				D295AA292F71E0AE00B1B4B7 /* RefreshDisplay */,
				D295AA372F71E0AF00B1B4B7 /* RefreshDisplayTests */,
				D295AA412F71E0AF00B1B4B7 /* RefreshDisplayUITests */,
				D295AA282F71E0AE00B1B4B7 /* Products */,
			);
			sourceTree = "<group>";
		};
		D295AA282F71E0AE00B1B4B7 /* Products */ = {
			isa = PBXGroup;
			children = (
				D295AA272F71E0AE00B1B4B7 /* RefreshDisplay.app */,
				D295AA342F71E0AF00B1B4B7 /* RefreshDisplayTests.xctest */,
				D295AA3E2F71E0AF00B1B4B7 /* RefreshDisplayUITests.xctest */,
			);
			name = Products;
			sourceTree = "<group>";
		};
/* End PBXGroup section */

/* Begin PBXNativeTarget section */
		D295AA262F71E0AE00B1B4B7 /* RefreshDisplay */ = {
			isa = PBXNativeTarget;
			buildConfigurationList = D295AA482F71E0AF00B1B4B7 /* Build configuration list for PBXNativeTarget "RefreshDisplay" */;
			buildPhases = (
				D295AA232F71E0AE00B1B4B7 /* Sources */,
				D295AA242F71E0AE00B1B4B7 /* Frameworks */,
				D295AA252F71E0AE00B1B4B7 /* Resources */,
			);
			buildRules = (
			);
			dependencies = (
			);
			fileSystemSynchronizedGroups = (
				D295AA292F71E0AE00B1B4B7 /* RefreshDisplay */,
			);
			name = RefreshDisplay;
			packageProductDependencies = (
			);
			productName = RefreshDisplay;
			productReference = D295AA272F71E0AE00B1B4B7 /* RefreshDisplay.app */;
			productType = "com.apple.product-type.application";
		};
		D295AA332F71E0AF00B1B4B7 /* RefreshDisplayTests */ = {
			isa = PBXNativeTarget;
			buildConfigurationList = D295AA4B2F71E0AF00B1B4B7 /* Build configuration list for PBXNativeTarget "RefreshDisplayTests" */;
			buildPhases = (
				D295AA302F71E0AF00B1B4B7 /* Sources */,
				D295AA312F71E0AF00B1B4B7 /* Frameworks */,
				D295AA322F71E0AF00B1B4B7 /* Resources */,
			);
			buildRules = (
			);
			dependencies = (
				D295AA362F71E0AF00B1B4B7 /* PBXTargetDependency */,
			);
			fileSystemSynchronizedGroups = (
				D295AA372F71E0AF00B1B4B7 /* RefreshDisplayTests */,
			);
			name = RefreshDisplayTests;
			packageProductDependencies = (
			);
			productName = RefreshDisplayTests;
			productReference = D295AA342F71E0AF00B1B4B7 /* RefreshDisplayTests.xctest */;
			productType = "com.apple.product-type.bundle.unit-test";
		};
		D295AA3D2F71E0AF00B1B4B7 /* RefreshDisplayUITests */ = {
			isa = PBXNativeTarget;
			buildConfigurationList = D295AA4E2F71E0AF00B1B4B7 /* Build configuration list for PBXNativeTarget "RefreshDisplayUITests" */;
			buildPhases = (
				D295AA3A2F71E0AF00B1B4B7 /* Sources */,
				D295AA3B2F71E0AF00B1B4B7 /* Frameworks */,
				D295AA3C2F71E0AF00B1B4B7 /* Resources */,
			);
			buildRules = (
			);
			dependencies = (
				D295AA402F71E0AF00B1B4B7 /* PBXTargetDependency */,
			);
			fileSystemSynchronizedGroups = (
				D295AA412F71E0AF00B1B4B7 /* RefreshDisplayUITests */,
			);
			name = RefreshDisplayUITests;
			packageProductDependencies = (
			);
			productName = RefreshDisplayUITests;
			productReference = D295AA3E2F71E0AF00B1B4B7 /* RefreshDisplayUITests.xctest */;
			productType = "com.apple.product-type.bundle.ui-testing";
		};
/* End PBXNativeTarget section */

/* Begin PBXProject section */
		D295AA1F2F71E0AE00B1B4B7 /* Project object */ = {
			isa = PBXProject;
			attributes = {
				BuildIndependentTargetsInParallel = 1;
				LastSwiftUpdateCheck = 2630;
				LastUpgradeCheck = 2640;
				TargetAttributes = {
					D295AA262F71E0AE00B1B4B7 = {
						CreatedOnToolsVersion = 26.3;
					};
					D295AA332F71E0AF00B1B4B7 = {
						CreatedOnToolsVersion = 26.3;
						TestTargetID = D295AA262F71E0AE00B1B4B7;
					};
					D295AA3D2F71E0AF00B1B4B7 = {
						CreatedOnToolsVersion = 26.3;
						TestTargetID = D295AA262F71E0AE00B1B4B7;
					};
				};
			};
			buildConfigurationList = D295AA222F71E0AE00B1B4B7 /* Build configuration list for PBXProject "RefreshDisplay" */;
			developmentRegion = en;
			hasScannedForEncodings = 0;
			knownRegions = (
				en,
				Base,
			);
			mainGroup = D295AA1E2F71E0AE00B1B4B7;
			minimizedProjectReferenceProxies = 1;
			preferredProjectObjectVersion = 77;
			productRefGroup = D295AA282F71E0AE00B1B4B7 /* Products */;
			projectDirPath = "";
			projectRoot = "";
			targets = (
				D295AA262F71E0AE00B1B4B7 /* RefreshDisplay */,
				D295AA332F71E0AF00B1B4B7 /* RefreshDisplayTests */,
				D295AA3D2F71E0AF00B1B4B7 /* RefreshDisplayUITests */,
			);
		};
/* End PBXProject section */

/* Begin PBXResourcesBuildPhase section */
		D295AA252F71E0AE00B1B4B7 /* Resources */ = {
			isa = PBXResourcesBuildPhase;
			buildActionMask = 2147483647;
			files = (
			);
			runOnlyForDeploymentPostprocessing = 0;
		};
		D295AA322F71E0AF00B1B4B7 /* Resources */ = {
			isa = PBXResourcesBuildPhase;
			buildActionMask = 2147483647;
			files = (
			);
			runOnlyForDeploymentPostprocessing = 0;
		};
		D295AA3C2F71E0AF00B1B4B7 /* Resources */ = {
			isa = PBXResourcesBuildPhase;
			buildActionMask = 2147483647;
			files = (
			);
			runOnlyForDeploymentPostprocessing = 0;
		};
/* End PBXResourcesBuildPhase section */

/* Begin PBXSourcesBuildPhase section */
		D295AA232F71E0AE00B1B4B7 /* Sources */ = {
			isa = PBXSourcesBuildPhase;
			buildActionMask = 2147483647;
			files = (
			);
			runOnlyForDeploymentPostprocessing = 0;
		};
		D295AA302F71E0AF00B1B4B7 /* Sources */ = {
			isa = PBXSourcesBuildPhase;
			buildActionMask = 2147483647;
			files = (
			);
			runOnlyForDeploymentPostprocessing = 0;
		};
		D295AA3A2F71E0AF00B1B4B7 /* Sources */ = {
			isa = PBXSourcesBuildPhase;
			buildActionMask = 2147483647;
			files = (
			);
			runOnlyForDeploymentPostprocessing = 0;
		};
/* End PBXSourcesBuildPhase section */

/* Begin PBXTargetDependency section */
		D295AA362F71E0AF00B1B4B7 /* PBXTargetDependency */ = {
			isa = PBXTargetDependency;
			target = D295AA262F71E0AE00B1B4B7 /* RefreshDisplay */;
			targetProxy = D295AA352F71E0AF00B1B4B7 /* PBXContainerItemProxy */;
		};
		D295AA402F71E0AF00B1B4B7 /* PBXTargetDependency */ = {
			isa = PBXTargetDependency;
			target = D295AA262F71E0AE00B1B4B7 /* RefreshDisplay */;
			targetProxy = D295AA3F2F71E0AF00B1B4B7 /* PBXContainerItemProxy */;
		};
/* End PBXTargetDependency section */

/* Begin XCBuildConfiguration section */
		D295AA462F71E0AF00B1B4B7 /* Debug */ = {
			isa = XCBuildConfiguration;
			buildSettings = {
				ALWAYS_SEARCH_USER_PATHS = NO;
				ASSETCATALOG_COMPILER_GENERATE_SWIFT_ASSET_SYMBOL_EXTENSIONS = YES;
				CLANG_ANALYZER_NONNULL = YES;
				CLANG_ANALYZER_NUMBER_OBJECT_CONVERSION = YES_AGGRESSIVE;
				CLANG_CXX_LANGUAGE_STANDARD = "gnu++20";
				CLANG_ENABLE_MODULES = YES;
				CLANG_ENABLE_OBJC_ARC = YES;
				CLANG_ENABLE_OBJC_WEAK = YES;
				CLANG_WARN_BLOCK_CAPTURE_AUTORELEASING = YES;
				CLANG_WARN_BOOL_CONVERSION = YES;
				CLANG_WARN_COMMA = YES;
				CLANG_WARN_CONSTANT_CONVERSION = YES;
				CLANG_WARN_DEPRECATED_OBJC_IMPLEMENTATIONS = YES;
				CLANG_WARN_DIRECT_OBJC_ISA_USAGE = YES_ERROR;
				CLANG_WARN_DOCUMENTATION_COMMENTS = YES;
				CLANG_WARN_EMPTY_BODY = YES;
				CLANG_WARN_ENUM_CONVERSION = YES;
				CLANG_WARN_INFINITE_RECURSION = YES;
				CLANG_WARN_INT_CONVERSION = YES;
				CLANG_WARN_NON_LITERAL_NULL_CONVERSION = YES;
				CLANG_WARN_OBJC_IMPLICIT_RETAIN_SELF = YES;
				CLANG_WARN_OBJC_LITERAL_CONVERSION = YES;
				CLANG_WARN_OBJC_ROOT_CLASS = YES_ERROR;
				CLANG_WARN_QUOTED_INCLUDE_IN_FRAMEWORK_HEADER = YES;
				CLANG_WARN_RANGE_LOOP_ANALYSIS = YES;
				CLANG_WARN_STRICT_PROTOTYPES = YES;
				CLANG_WARN_SUSPICIOUS_MOVE = YES;
				CLANG_WARN_UNGUARDED_AVAILABILITY = YES_AGGRESSIVE;
				CLANG_WARN_UNREACHABLE_CODE = YES;
				CLANG_WARN__DUPLICATE_METHOD_MATCH = YES;
				COPY_PHASE_STRIP = NO;
				DEAD_CODE_STRIPPING = YES;
				DEBUG_INFORMATION_FORMAT = dwarf;
				ENABLE_STRICT_OBJC_MSGSEND = YES;
				ENABLE_TESTABILITY = YES;
				ENABLE_USER_SCRIPT_SANDBOXING = YES;
				GCC_C_LANGUAGE_STANDARD = gnu17;
				GCC_DYNAMIC_NO_PIC = NO;
				GCC_NO_COMMON_BLOCKS = YES;
				GCC_OPTIMIZATION_LEVEL = 0;
				GCC_PREPROCESSOR_DEFINITIONS = (
					"DEBUG=1",
					"$(inherited)",
				);
				GCC_WARN_64_TO_32_BIT_CONVERSION = YES;
				GCC_WARN_ABOUT_RETURN_TYPE = YES_ERROR;
				GCC_WARN_UNDECLARED_SELECTOR = YES;
				GCC_WARN_UNINITIALIZED_AUTOS = YES_AGGRESSIVE;
				GCC_WARN_UNUSED_FUNCTION = YES;
				GCC_WARN_UNUSED_VARIABLE = YES;
				LOCALIZATION_PREFERS_STRING_CATALOGS = YES;
				MACOSX_DEPLOYMENT_TARGET = 26.2;
				MTL_ENABLE_DEBUG_INFO = INCLUDE_SOURCE;
				MTL_FAST_MATH = YES;
				ONLY_ACTIVE_ARCH = YES;
				SDKROOT = macosx;
				STRING_CATALOG_GENERATE_SYMBOLS = YES;
				SWIFT_ACTIVE_COMPILATION_CONDITIONS = "DEBUG $(inherited)";
				SWIFT_OPTIMIZATION_LEVEL = "-Onone";
			};
			name = Debug;
		};
		D295AA472F71E0AF00B1B4B7 /* Release */ = {
			isa = XCBuildConfiguration;
			buildSettings = {
				ALWAYS_SEARCH_USER_PATHS = NO;
				ASSETCATALOG_COMPILER_GENERATE_SWIFT_ASSET_SYMBOL_EXTENSIONS = YES;
				CLANG_ANALYZER_NONNULL = YES;
				CLANG_ANALYZER_NUMBER_OBJECT_CONVERSION = YES_AGGRESSIVE;
				CLANG_CXX_LANGUAGE_STANDARD = "gnu++20";
				CLANG_ENABLE_MODULES = YES;
				CLANG_ENABLE_OBJC_ARC = YES;
				CLANG_ENABLE_OBJC_WEAK = YES;
				CLANG_WARN_BLOCK_CAPTURE_AUTORELEASING = YES;
				CLANG_WARN_BOOL_CONVERSION = YES;
				CLANG_WARN_COMMA = YES;
				CLANG_WARN_CONSTANT_CONVERSION = YES;
				CLANG_WARN_DEPRECATED_OBJC_IMPLEMENTATIONS = YES;
				CLANG_WARN_DIRECT_OBJC_ISA_USAGE = YES_ERROR;
				CLANG_WARN_DOCUMENTATION_COMMENTS = YES;
				CLANG_WARN_EMPTY_BODY = YES;
				CLANG_WARN_ENUM_CONVERSION = YES;
				CLANG_WARN_INFINITE_RECURSION = YES;
				CLANG_WARN_INT_CONVERSION = YES;
				CLANG_WARN_NON_LITERAL_NULL_CONVERSION = YES;
				CLANG_WARN_OBJC_IMPLICIT_RETAIN_SELF = YES;
				CLANG_WARN_OBJC_LITERAL_CONVERSION = YES;
				CLANG_WARN_OBJC_ROOT_CLASS = YES_ERROR;
				CLANG_WARN_QUOTED_INCLUDE_IN_FRAMEWORK_HEADER = YES;
				CLANG_WARN_RANGE_LOOP_ANALYSIS = YES;
				CLANG_WARN_STRICT_PROTOTYPES = YES;
				CLANG_WARN_SUSPICIOUS_MOVE = YES;
				CLANG_WARN_UNGUARDED_AVAILABILITY = YES_AGGRESSIVE;
				CLANG_WARN_UNREACHABLE_CODE = YES;
				CLANG_WARN__DUPLICATE_METHOD_MATCH = YES;
				COPY_PHASE_STRIP = NO;
				DEAD_CODE_STRIPPING = YES;
				DEBUG_INFORMATION_FORMAT = "dwarf-with-dsym";
				ENABLE_NS_ASSERTIONS = NO;
				ENABLE_STRICT_OBJC_MSGSEND = YES;
				ENABLE_USER_SCRIPT_SANDBOXING = YES;
				GCC_C_LANGUAGE_STANDARD = gnu17;
				GCC_NO_COMMON_BLOCKS = YES;
				GCC_WARN_64_TO_32_BIT_CONVERSION = YES;
				GCC_WARN_ABOUT_RETURN_TYPE = YES_ERROR;
				GCC_WARN_UNDECLARED_SELECTOR = YES;
				GCC_WARN_UNINITIALIZED_AUTOS = YES_AGGRESSIVE;
				GCC_WARN_UNUSED_FUNCTION = YES;
				GCC_WARN_UNUSED_VARIABLE = YES;
				LOCALIZATION_PREFERS_STRING_CATALOGS = YES;
				MACOSX_DEPLOYMENT_TARGET = 26.2;
				MTL_ENABLE_DEBUG_INFO = NO;
				MTL_FAST_MATH = YES;
				SDKROOT = macosx;
				STRING_CATALOG_GENERATE_SYMBOLS = YES;
				SWIFT_COMPILATION_MODE = wholemodule;
			};
			name = Release;
		};
		D295AA492F71E0AF00B1B4B7 /* Debug */ = {
			isa = XCBuildConfiguration;
			buildSettings = {
				ASSETCATALOG_COMPILER_APPICON_NAME = AppIcon;
				ASSETCATALOG_COMPILER_GLOBAL_ACCENT_COLOR_NAME = AccentColor;
				CODE_SIGN_STYLE = Automatic;
				COMBINE_HIDPI_IMAGES = YES;
				CURRENT_PROJECT_VERSION = 1;
				DEAD_CODE_STRIPPING = YES;
				ENABLE_APP_SANDBOX = YES;
				ENABLE_PREVIEWS = YES;
				ENABLE_USER_SELECTED_FILES = readonly;
				GENERATE_INFOPLIST_FILE = YES;
				INFOPLIST_KEY_NSHumanReadableCopyright = "";
				LD_RUNPATH_SEARCH_PATHS = (
					"$(inherited)",
					"@executable_path/../Frameworks",
				);
				MARKETING_VERSION = 1.0;
				PRODUCT_BUNDLE_IDENTIFIER = tickledbits.RefreshDisplay;
				PRODUCT_NAME = "$(TARGET_NAME)";
				REGISTER_APP_GROUPS = YES;
				STRING_CATALOG_GENERATE_SYMBOLS = YES;
				SWIFT_APPROACHABLE_CONCURRENCY = YES;
				SWIFT_DEFAULT_ACTOR_ISOLATION = MainActor;
				SWIFT_EMIT_LOC_STRINGS = YES;
				SWIFT_UPCOMING_FEATURE_MEMBER_IMPORT_VISIBILITY = YES;
				SWIFT_VERSION = 5.0;
			};
			name = Debug;
		};
		D295AA4A2F71E0AF00B1B4B7 /* Release */ = {
			isa = XCBuildConfiguration;
			buildSettings = {
				ASSETCATALOG_COMPILER_APPICON_NAME = AppIcon;
				ASSETCATALOG_COMPILER_GLOBAL_ACCENT_COLOR_NAME = AccentColor;
				CODE_SIGN_STYLE = Automatic;
				COMBINE_HIDPI_IMAGES = YES;
				CURRENT_PROJECT_VERSION = 1;
				DEAD_CODE_STRIPPING = YES;
				ENABLE_APP_SANDBOX = YES;
				ENABLE_PREVIEWS = YES;
				ENABLE_USER_SELECTED_FILES = readonly;
				GENERATE_INFOPLIST_FILE = YES;
				INFOPLIST_KEY_NSHumanReadableCopyright = "";
				LD_RUNPATH_SEARCH_PATHS = (
					"$(inherited)",
					"@executable_path/../Frameworks",
				);
				MARKETING_VERSION = 1.0;
				PRODUCT_BUNDLE_IDENTIFIER = tickledbits.RefreshDisplay;
				PRODUCT_NAME = "$(TARGET_NAME)";
				REGISTER_APP_GROUPS = YES;
				STRING_CATALOG_GENERATE_SYMBOLS = YES;
				SWIFT_APPROACHABLE_CONCURRENCY = YES;
				SWIFT_DEFAULT_ACTOR_ISOLATION = MainActor;
				SWIFT_EMIT_LOC_STRINGS = YES;
				SWIFT_UPCOMING_FEATURE_MEMBER_IMPORT_VISIBILITY = YES;
				SWIFT_VERSION = 5.0;
			};
			name = Release;
		};
		D295AA4C2F71E0AF00B1B4B7 /* Debug */ = {
			isa = XCBuildConfiguration;
			buildSettings = {
				BUNDLE_LOADER = "$(TEST_HOST)";
				CODE_SIGN_STYLE = Automatic;
				CURRENT_PROJECT_VERSION = 1;
				DEAD_CODE_STRIPPING = YES;
				GENERATE_INFOPLIST_FILE = YES;
				MACOSX_DEPLOYMENT_TARGET = 26.2;
				MARKETING_VERSION = 1.0;
				PRODUCT_BUNDLE_IDENTIFIER = tickledbits.RefreshDisplayTests;
				PRODUCT_NAME = "$(TARGET_NAME)";
				STRING_CATALOG_GENERATE_SYMBOLS = NO;
				SWIFT_APPROACHABLE_CONCURRENCY = YES;
				SWIFT_EMIT_LOC_STRINGS = NO;
				SWIFT_UPCOMING_FEATURE_MEMBER_IMPORT_VISIBILITY = YES;
				SWIFT_VERSION = 5.0;
				TEST_HOST = "$(BUILT_PRODUCTS_DIR)/RefreshDisplay.app/$(BUNDLE_EXECUTABLE_FOLDER_PATH)/RefreshDisplay";
			};
			name = Debug;
		};
		D295AA4D2F71E0AF00B1B4B7 /* Release */ = {
			isa = XCBuildConfiguration;
			buildSettings = {
				BUNDLE_LOADER = "$(TEST_HOST)";
				CODE_SIGN_STYLE = Automatic;
				CURRENT_PROJECT_VERSION = 1;
				DEAD_CODE_STRIPPING = YES;
				GENERATE_INFOPLIST_FILE = YES;
				MACOSX_DEPLOYMENT_TARGET = 26.2;
				MARKETING_VERSION = 1.0;
				PRODUCT_BUNDLE_IDENTIFIER = tickledbits.RefreshDisplayTests;
				PRODUCT_NAME = "$(TARGET_NAME)";
				STRING_CATALOG_GENERATE_SYMBOLS = NO;
				SWIFT_APPROACHABLE_CONCURRENCY = YES;
				SWIFT_EMIT_LOC_STRINGS = NO;
				SWIFT_UPCOMING_FEATURE_MEMBER_IMPORT_VISIBILITY = YES;
				SWIFT_VERSION = 5.0;
				TEST_HOST = "$(BUILT_PRODUCTS_DIR)/RefreshDisplay.app/$(BUNDLE_EXECUTABLE_FOLDER_PATH)/RefreshDisplay";
			};
			name = Release;
		};
		D295AA4F2F71E0AF00B1B4B7 /* Debug */ = {
			isa = XCBuildConfiguration;
			buildSettings = {
				CODE_SIGN_STYLE = Automatic;
				CURRENT_PROJECT_VERSION = 1;
				DEAD_CODE_STRIPPING = YES;
				GENERATE_INFOPLIST_FILE = YES;
				MARKETING_VERSION = 1.0;
				PRODUCT_BUNDLE_IDENTIFIER = tickledbits.RefreshDisplayUITests;
				PRODUCT_NAME = "$(TARGET_NAME)";
				STRING_CATALOG_GENERATE_SYMBOLS = NO;
				SWIFT_APPROACHABLE_CONCURRENCY = YES;
				SWIFT_EMIT_LOC_STRINGS = NO;
				SWIFT_UPCOMING_FEATURE_MEMBER_IMPORT_VISIBILITY = YES;
				SWIFT_VERSION = 5.0;
				TEST_TARGET_NAME = RefreshDisplay;
			};
			name = Debug;
		};
		D295AA502F71E0AF00B1B4B7 /* Release */ = {
			isa = XCBuildConfiguration;
			buildSettings = {
				CODE_SIGN_STYLE = Automatic;
				CURRENT_PROJECT_VERSION = 1;
				DEAD_CODE_STRIPPING = YES;
				GENERATE_INFOPLIST_FILE = YES;
				MARKETING_VERSION = 1.0;
				PRODUCT_BUNDLE_IDENTIFIER = tickledbits.RefreshDisplayUITests;
				PRODUCT_NAME = "$(TARGET_NAME)";
				STRING_CATALOG_GENERATE_SYMBOLS = NO;
				SWIFT_APPROACHABLE_CONCURRENCY = YES;
				SWIFT_EMIT_LOC_STRINGS = NO;
				SWIFT_UPCOMING_FEATURE_MEMBER_IMPORT_VISIBILITY = YES;
				SWIFT_VERSION = 5.0;
				TEST_TARGET_NAME = RefreshDisplay;
			};
			name = Release;
		};
/* End XCBuildConfiguration section */

/* Begin XCConfigurationList section */
		D295AA222F71E0AE00B1B4B7 /* Build configuration list for PBXProject "RefreshDisplay" */ = {
			isa = XCConfigurationList;
			buildConfigurations = (
				D295AA462F71E0AF00B1B4B7 /* Debug */,
				D295AA472F71E0AF00B1B4B7 /* Release */,
			);
			defaultConfigurationIsVisible = 0;
			defaultConfigurationName = Release;
		};
		D295AA482F71E0AF00B1B4B7 /* Build configuration list for PBXNativeTarget "RefreshDisplay" */ = {
			isa = XCConfigurationList;
			buildConfigurations = (
				D295AA492F71E0AF00B1B4B7 /* Debug */,
				D295AA4A2F71E0AF00B1B4B7 /* Release */,
			);
			defaultConfigurationIsVisible = 0;
			defaultConfigurationName = Release;
		};
		D295AA4B2F71E0AF00B1B4B7 /* Build configuration list for PBXNativeTarget "RefreshDisplayTests" */ = {
			isa = XCConfigurationList;
			buildConfigurations = (
				D295AA4C2F71E0AF00B1B4B7 /* Debug */,
				D295AA4D2F71E0AF00B1B4B7 /* Release */,
			);
			defaultConfigurationIsVisible = 0;
			defaultConfigurationName = Release;
		};
		D295AA4E2F71E0AF00B1B4B7 /* Build configuration list for PBXNativeTarget "RefreshDisplayUITests" */ = {
			isa = XCConfigurationList;
			buildConfigurations = (
				D295AA4F2F71E0AF00B1B4B7 /* Debug */,
				D295AA502F71E0AF00B1B4B7 /* Release */,
			);
			defaultConfigurationIsVisible = 0;
			defaultConfigurationName = Release;
		};
/* End XCConfigurationList section */
	};
	rootObject = D295AA1F2F71E0AE00B1B4B7 /* Project object */;
}
